
Microsoft Visual Studio Solution File, Format Version 12.00
# Visual Studio Version 17
VisualStudioVersion = 17.0.31903.59
MinimumVisualStudioVersion = 10.0.40219.1
Project("{2150E333-8FDC-42A3-9474-1A3956D46DE8}") = "src", "src", "{63984554-34F7-4405-92EB-8D544E3F77FD}"
EndProject
Project("{FAE04EC0-301F-11D3-BF4B-00C04F79EFBC}") = "AuctionService", "src\AuctionService\AuctionService.csproj", "{D04B1277-CA33-4F3F-B5DA-9C92F64B70E7}"
EndProject
Project("{FAE04EC0-301F-11D3-BF4B-00C04F79EFBC}") = "SearchService", "src\SearchService\SearchService.csproj", "{36D51D43-A41D-45AD-9CF0-2367AC928A61}"
EndProject
Project("{FAE04EC0-301F-11D3-BF4B-00C04F79EFBC}") = "Contracts", "src\Contracts\Contracts.csproj", "{1054E815-84EC-4E6F-84FA-D5511640CE71}"
EndProject
Project("{FAE04EC0-301F-11D3-BF4B-00C04F79EFBC}") = "IdentityService", "src\IdentityService\IdentityService.csproj", "{5C7765D0-4C35-4873-8F43-AEEF070A8124}"
EndProject
Project("{FAE04EC0-301F-11D3-BF4B-00C04F79EFBC}") = "GatewayService", "src\GatewayService\GatewayService.csproj", "{F9268088-075F-4E17-B180-571D6F9214C6}"
EndProject
Global
	GlobalSection(SolutionConfigurationPlatforms) = preSolution
		Debug|Any CPU = Debug|Any CPU
		Release|Any CPU = Release|Any CPU
	EndGlobalSection
	GlobalSection(SolutionProperties) = preSolution
		HideSolutionNode = FALSE
	EndGlobalSection
	GlobalSection(ProjectConfigurationPlatforms) = postSolution
		{D04B1277-CA33-4F3F-B5DA-9C92F64B70E7}.Debug|Any CPU.ActiveCfg = Debug|Any CPU
		{D04B1277-CA33-4F3F-B5DA-9C92F64B70E7}.Debug|Any CPU.Build.0 = Debug|Any CPU
		{D04B1277-CA33-4F3F-B5DA-9C92F64B70E7}.Release|Any CPU.ActiveCfg = Release|Any CPU
		{D04B1277-CA33-4F3F-B5DA-9C92F64B70E7}.Release|Any CPU.Build.0 = Release|Any CPU
		{36D51D43-A41D-45AD-9CF0-2367AC928A61}.Debug|Any CPU.ActiveCfg = Debug|Any CPU
		{36D51D43-A41D-45AD-9CF0-2367AC928A61}.Debug|Any CPU.Build.0 = Debug|Any CPU
		{36D51D43-A41D-45AD-9CF0-2367AC928A61}.Release|Any CPU.ActiveCfg = Release|Any CPU
		{36D51D43-A41D-45AD-9CF0-2367AC928A61}.Release|Any CPU.Build.0 = Release|Any CPU
		{1054E815-84EC-4E6F-84FA-D5511640CE71}.Debug|Any CPU.ActiveCfg = Debug|Any CPU
		{1054E815-84EC-4E6F-84FA-D5511640CE71}.Debug|Any CPU.Build.0 = Debug|Any CPU
		{1054E815-84EC-4E6F-84FA-D5511640CE71}.Release|Any CPU.ActiveCfg = Release|Any CPU
		{1054E815-84EC-4E6F-84FA-D5511640CE71}.Release|Any CPU.Build.0 = Release|Any CPU
		{5C7765D0-4C35-4873-8F43-AEEF070A8124}.Debug|Any CPU.ActiveCfg = Debug|Any CPU
		{5C7765D0-4C35-4873-8F43-AEEF070A8124}.Debug|Any CPU.Build.0 = Debug|Any CPU
		{5C7765D0-4C35-4873-8F43-AEEF070A8124}.Release|Any CPU.ActiveCfg = Release|Any CPU
		{5C7765D0-4C35-4873-8F43-AEEF070A8124}.Release|Any CPU.Build.0 = Release|Any CPU
		{F9268088-075F-4E17-B180-571D6F9214C6}.Debug|Any CPU.ActiveCfg = Debug|Any CPU
		{F9268088-075F-4E17-B180-571D6F9214C6}.Debug|Any CPU.Build.0 = Debug|Any CPU
		{F9268088-075F-4E17-B180-571D6F9214C6}.Release|Any CPU.ActiveCfg = Release|Any CPU
		{F9268088-075F-4E17-B180-571D6F9214C6}.Release|Any CPU.Build.0 = Release|Any CPU
	EndGlobalSection
	GlobalSection(NestedProjects) = preSolution
		{D04B1277-CA33-4F3F-B5DA-9C92F64B70E7} = {63984554-34F7-4405-92EB-8D544E3F77FD}
		{36D51D43-A41D-45AD-9CF0-2367AC928A61} = {63984554-34F7-4405-92EB-8D544E3F77FD}
		{1054E815-84EC-4E6F-84FA-D5511640CE71} = {63984554-34F7-4405-92EB-8D544E3F77FD}
		{5C7765D0-4C35-4873-8F43-AEEF070A8124} = {63984554-34F7-4405-92EB-8D544E3F77FD}
		{F9268088-075F-4E17-B180-571D6F9214C6} = {63984554-34F7-4405-92EB-8D544E3F77FD}
	EndGlobalSection
EndGlobal
